// !$*UTF8*$!
{
	archiveVersion = 1;
	classes = {
	};
	objectVersion = 46;
	objects = {

/* Begin PBXBuildFile section */
		3A560B471E65341E0021F76D /* AppDelegate.swift in Sources */ = {isa = PBXBuildFile; fileRef = 3A560B461E65341E0021F76D /* AppDelegate.swift */; };
		3A560B4C1E65341E0021F76D /* Main.storyboard in Resources */ = {isa = PBXBuildFile; fileRef = 3A560B4A1E65341E0021F76D /* Main.storyboard */; };
		3A560B4E1E65341E0021F76D /* Assets.xcassets in Resources */ = {isa = PBXBuildFile; fileRef = 3A560B4D1E65341E0021F76D /* Assets.xcassets */; };
		3A560B511E65341E0021F76D /* LaunchScreen.storyboard in Resources */ = {isa = PBXBuildFile; fileRef = 3A560B4F1E65341E0021F76D /* LaunchScreen.storyboard */; };
		3A560B5D1E654A200021F76D /* TodoTableViewController.swift in Sources */ = {isa = PBXBuildFile; fileRef = 3A560B5C1E654A200021F76D /* TodoTableViewController.swift */; };
		3A560B601E6555FF0021F76D /* TodoItemTableViewCell.swift in Sources */ = {isa = PBXBuildFile; fileRef = 3A560B5E1E6555FF0021F76D /* TodoItemTableViewCell.swift */; };
		3A560B611E6555FF0021F76D /* TodoItemTableViewCell.xib in Resources */ = {isa = PBXBuildFile; fileRef = 3A560B5F1E6555FF0021F76D /* TodoItemTableViewCell.xib */; };
		3A560B631E668B170021F76D /* StackViewController.swift in Sources */ = {isa = PBXBuildFile; fileRef = 3A560B621E668B170021F76D /* StackViewController.swift */; };
/* End PBXBuildFile section */

/* Begin PBXFileReference section */
		3A560B431E65341E0021F76D /* Draft11.app */ = {isa = PBXFileReference; explicitFileType = wrapper.application; includeInIndex = 0; path = Draft11.app; sourceTree = BUILT_PRODUCTS_DIR; };
		3A560B461E65341E0021F76D /* AppDelegate.swift */ = {isa = PBXFileReference; lastKnownFileType = sourcecode.swift; path = AppDelegate.swift; sourceTree = "<group>"; };
		3A560B4B1E65341E0021F76D /* Base */ = {isa = PBXFileReference; lastKnownFileType = file.storyboard; name = Base; path = Base.lproj/Main.storyboard; sourceTree = "<group>"; };
		3A560B4D1E65341E0021F76D /* Assets.xcassets */ = {isa = PBXFileReference; lastKnownFileType = folder.assetcatalog; path = Assets.xcassets; sourceTree = "<group>"; };
		3A560B501E65341E0021F76D /* Base */ = {isa = PBXFileReference; lastKnownFileType = file.storyboard; name = Base; path = Base.lproj/LaunchScreen.storyboard; sourceTree = "<group>"; };
		3A560B521E65341E0021F76D /* Info.plist */ = {isa = PBXFileReference; lastKnownFileType = text.plist.xml; path = Info.plist; sourceTree = "<group>"; };
		3A560B5C1E654A200021F76D /* TodoTableViewController.swift */ = {isa = PBXFileReference; fileEncoding = 4; lastKnownFileType = sourcecode.swift; path = TodoTableViewController.swift; sourceTree = "<group>"; };
		3A560B5E1E6555FF0021F76D /* TodoItemTableViewCell.swift */ = {isa = PBXFileReference; fileEncoding = 4; lastKnownFileType = sourcecode.swift; path = TodoItemTableViewCell.swift; sourceTree = "<group>"; };
		3A560B5F1E6555FF0021F76D /* TodoItemTableViewCell.xib */ = {isa = PBXFileReference; fileEncoding = 4; lastKnownFileType = file.xib; path = TodoItemTableViewCell.xib; sourceTree = "<group>"; };
		3A560B621E668B170021F76D /* StackViewController.swift */ = {isa = PBXFileReference; fileEncoding = 4; lastKnownFileType = sourcecode.swift; path = StackViewController.swift; sourceTree = "<group>"; };
/* End PBXFileReference section */

/* Begin PBXFrameworksBuildPhase section */
		3A560B401E65341E0021F76D /* Frameworks */ = {
			isa = PBXFrameworksBuildPhase;
			buildActionMask = 2147483647;
			files = (
			);
			runOnlyForDeploymentPostprocessing = 0;
		};
/* End PBXFrameworksBuildPhase section */

/* Begin PBXGroup section */
		3A560B3A1E65341E0021F76D = {
			isa = PBXGroup;
			children = (
				3A560B451E65341E0021F76D /* Draft11 */,
				3A560B441E65341E0021F76D /* Products */,
			);
			sourceTree = "<group>";
		};
		3A560B441E65341E0021F76D /* Products */ = {
			isa = PBXGroup;
			children = (
				3A560B431E65341E0021F76D /* Draft11.app */,
			);
			name = Products;
			sourceTree = "<group>";
		};
		3A560B451E65341E0021F76D /* Draft11 */ = {
			isa = PBXGroup;
			children = (
				3A560B461E65341E0021F76D /* AppDelegate.swift */,
				3A560B4A1E65341E0021F76D /* Main.storyboard */,
				3A560B4D1E65341E0021F76D /* Assets.xcassets */,
				3A560B4F1E65341E0021F76D /* LaunchScreen.storyboard */,
				3A560B521E65341E0021F76D /* Info.plist */,
				3A560B5C1E654A200021F76D /* TodoTableViewController.swift */,
				3A560B5E1E6555FF0021F76D /* TodoItemTableViewCell.swift */,
				3A560B5F1E6555FF0021F76D /* TodoItemTableViewCell.xib */,
				3A560B621E668B170021F76D /* StackViewController.swift */,
			);
			path = Draft11;
			sourceTree = "<group>";
		};
/* End PBXGroup section */

/* Begin PBXNativeTarget section */
		3A560B421E65341E0021F76D /* Draft11 */ = {
			isa = PBXNativeTarget;
			buildConfigurationList = 3A560B551E65341E0021F76D /* Build configuration list for PBXNativeTarget "Draft11" */;
			buildPhases = (
				3A560B3F1E65341E0021F76D /* Sources */,
				3A560B401E65341E0021F76D /* Frameworks */,
				3A560B411E65341E0021F76D /* Resources */,
			);
			buildRules = (
			);
			dependencies = (
			);
			name = Draft11;
			productName = Draft11;
			productReference = 3A560B431E65341E0021F76D /* Draft11.app */;
			productType = "com.apple.product-type.application";
		};
/* End PBXNativeTarget section */

/* Begin PBXProject section */
		3A560B3B1E65341E0021F76D /* Project object */ = {
			isa = PBXProject;
			attributes = {
				LastSwiftUpdateCheck = 0820;
				LastUpgradeCheck = 0820;
				ORGANIZATIONNAME = "Jiahuan He";
				TargetAttributes = {
					3A560B421E65341E0021F76D = {
						CreatedOnToolsVersion = 8.2.1;
						DevelopmentTeam = XE7FLNR7QS;
						ProvisioningStyle = Automatic;
					};
				};
			};
			buildConfigurationList = 3A560B3E1E65341E0021F76D /* Build configuration list for PBXProject "Draft11" */;
			compatibilityVersion = "Xcode 3.2";
			developmentRegion = English;
			hasScannedForEncodings = 0;
			knownRegions = (
				en,
				Base,
			);
			mainGroup = 3A560B3A1E65341E0021F76D;
			productRefGroup = 3A560B441E65341E0021F76D /* Products */;
			projectDirPath = "";
			projectRoot = "";
			targets = (
				3A560B421E65341E0021F76D /* Draft11 */,
			);
		};
/* End PBXProject section */

/* Begin PBXResourcesBuildPhase section */
		3A560B411E65341E0021F76D /* Resources */ = {
			isa = PBXResourcesBuildPhase;
			buildActionMask = 2147483647;
			files = (
				3A560B511E65341E0021F76D /* LaunchScreen.storyboard in Resources */,
				3A560B4E1E65341E0021F76D /* Assets.xcassets in Resources */,
				3A560B611E6555FF0021F76D /* TodoItemTableViewCell.xib in Resources */,
				3A560B4C1E65341E0021F76D /* Main.storyboard in Resources */,
			);
			runOnlyForDeploymentPostprocessing = 0;
		};
/* End PBXResourcesBuildPhase section */

/* Begin PBXSourcesBuildPhase section */
		3A560B3F1E65341E0021F76D /* Sources */ = {
			isa = PBXSourcesBuildPhase;
			buildActionMask = 2147483647;
			files = (
				3A560B5D1E654A200021F76D /* TodoTableViewController.swift in Sources */,
				3A560B631E668B170021F76D /* StackViewController.swift in Sources */,
				3A560B601E6555FF0021F76D /* TodoItemTableViewCell.swift in Sources */,
				3A560B471E65341E0021F76D /* AppDelegate.swift in Sources */,
			);
			runOnlyForDeploymentPostprocessing = 0;
		};
/* End PBXSourcesBuildPhase section */

/* Begin PBXVariantGroup section */
		3A560B4A1E65341E0021F76D /* Main.storyboard */ = {
			isa = PBXVariantGroup;
			children = (
				3A560B4B1E65341E0021F76D /* Base */,
			);
			name = Main.storyboard;
			sourceTree = "<group>";
		};
		3A560B4F1E65341E0021F76D /* LaunchScreen.storyboard */ = {
			isa = PBXVariantGroup;
			children = (
				3A560B501E65341E0021F76D /* Base */,
			);
			name = LaunchScreen.storyboard;
			sourceTree = "<group>";
		};
/* End PBXVariantGroup section */

/* Begin XCBuildConfiguration section */
		3A560B531E65341E0021F76D /* Debug */ = {
			isa = XCBuildConfiguration;
			buildSettings = {
				ALWAYS_SEARCH_USER_PATHS = NO;
				CLANG_ANALYZER_NONNULL = YES;
				CLANG_CXX_LANGUAGE_STANDARD = "gnu++0x";
				CLANG_CXX_LIBRARY = "libc++";
				CLANG_ENABLE_MODULES = YES;
				CLANG_ENABLE_OBJC_ARC = YES;
				CLANG_WARN_BOOL_CONVERSION = YES;
				CLANG_WARN_CONSTANT_CONVERSION = YES;
				CLANG_WARN_DIRECT_OBJC_ISA_USAGE = YES_ERROR;
				CLANG_WARN_DOCUMENTATION_COMMENTS = YES;
				CLANG_WARN_EMPTY_BODY = YES;
				CLANG_WARN_ENUM_CONVERSION = YES;
				CLANG_WARN_INFINITE_RECURSION = YES;
				CLANG_WARN_INT_CONVERSION = YES;
				CLANG_WARN_OBJC_ROOT_CLASS = YES_ERROR;
				CLANG_WARN_SUSPICIOUS_MOVE = YES;
				CLANG_WARN_UNREACHABLE_CODE = YES;
				CLANG_WARN__DUPLICATE_METHOD_MATCH = YES;
				"CODE_SIGN_IDENTITY[sdk=iphoneos*]" = "iPhone Developer";
				COPY_PHASE_STRIP = NO;
				DEBUG_INFORMATION_FORMAT = dwarf;
				ENABLE_STRICT_OBJC_MSGSEND = YES;
				ENABLE_TESTABILITY = YES;
				GCC_C_LANGUAGE_STANDARD = gnu99;
				GCC_DYNAMIC_NO_PIC = NO;
				GCC_NO_COMMON_BLOCKS = YES;
				GCC_OPTIMIZATION_LEVEL = 0;
				GCC_PREPROCESSOR_DEFINITIONS = (
					"DEBUG=1",
					"$(inherited)",
				);
				GCC_WARN_64_TO_32_BIT_CONVERSION = YES;
				GCC_WARN_ABOUT_RETURN_TYPE = YES_ERROR;
				GCC_WARN_UNDECLARED_SELECTOR = YES;
				GCC_WARN_UNINITIALIZED_AUTOS = YES_AGGRESSIVE;
				GCC_WARN_UNUSED_FUNCTION = YES;
				GCC_WARN_UNUSED_VARIABLE = YES;
				IPHONEOS_DEPLOYMENT_TARGET = 10.2;
				MTL_ENABLE_DEBUG_INFO = YES;
				ONLY_ACTIVE_ARCH = YES;
				SDKROOT = iphoneos;
				SWIFT_ACTIVE_COMPILATION_CONDITIONS = DEBUG;
				SWIFT_OPTIMIZATION_LEVEL = "-Onone";
				TARGETED_DEVICE_FAMILY = "1,2";
			};
			name = Debug;
		};
		3A560B541E65341E0021F76D /* Release */ = {
			isa = XCBuildConfiguration;
			buildSettings = {
				ALWAYS_SEARCH_USER_PATHS = NO;
				CLANG_ANALYZER_NONNULL = YES;
				CLANG_CXX_LANGUAGE_STANDARD = "gnu++0x";
				CLANG_CXX_LIBRARY = "libc++";
				CLANG_ENABLE_MODULES = YES;
				CLANG_ENABLE_OBJC_ARC = YES;
				CLANG_WARN_BOOL_CONVERSION = YES;
				CLANG_WARN_CONSTANT_CONVERSION = YES;
				CLANG_WARN_DIRECT_OBJC_ISA_USAGE = YES_ERROR;
				CLANG_WARN_DOCUMENTATION_COMMENTS = YES;
				CLANG_WARN_EMPTY_BODY = YES;
				CLANG_WARN_ENUM_CONVERSION = YES;
				CLANG_WARN_INFINITE_RECURSION = YES;
				CLANG_WARN_INT_CONVERSION = YES;
				CLANG_WARN_OBJC_ROOT_CLASS = YES_ERROR;
				CLANG_WARN_SUSPICIOUS_MOVE = YES;
				CLANG_WARN_UNREACHABLE_CODE = YES;
				CLANG_WARN__DUPLICATE_METHOD_MATCH = YES;
				"CODE_SIGN_IDENTITY[sdk=iphoneos*]" = "iPhone Developer";
				COPY_PHASE_STRIP = NO;
				DEBUG_INFORMATION_FORMAT = "dwarf-with-dsym";
				ENABLE_NS_ASSERTIONS = NO;
				ENABLE_STRICT_OBJC_MSGSEND = YES;
				GCC_C_LANGUAGE_STANDARD = gnu99;
				GCC_NO_COMMON_BLOCKS = YES;
				GCC_WARN_64_TO_32_BIT_CONVERSION = YES;
				GCC_WARN_ABOUT_RETURN_TYPE = YES_ERROR;
				GCC_WARN_UNDECLARED_SELECTOR = YES;
				GCC_WARN_UNINITIALIZED_AUTOS = YES_AGGRESSIVE;
				GCC_WARN_UNUSED_FUNCTION = YES;
				GCC_WARN_UNUSED_VARIABLE = YES;
				IPHONEOS_DEPLOYMENT_TARGET = 10.2;
				MTL_ENABLE_DEBUG_INFO = NO;
				SDKROOT = iphoneos;
				SWIFT_OPTIMIZATION_LEVEL = "-Owholemodule";
				TARGETED_DEVICE_FAMILY = "1,2";
				VALIDATE_PRODUCT = YES;
			};
			name = Release;
		};
		3A560B561E65341E0021F76D /* Debug */ = {
			isa = XCBuildConfiguration;
			buildSettings = {
				ASSETCATALOG_COMPILER_APPICON_NAME = AppIcon;
				DEVELOPMENT_TEAM = XE7FLNR7QS;
				INFOPLIST_FILE = Draft11/Info.plist;
				LD_RUNPATH_SEARCH_PATHS = "$(inherited) @executable_path/Frameworks";
				PRODUCT_BUNDLE_IDENTIFIER = "jiahuan-he.Draft11";
				PRODUCT_NAME = "$(TARGET_NAME)";
				SWIFT_VERSION = 3.0;
			};
			name = Debug;
		};
		3A560B571E65341E0021F76D /* Release */ = {
			isa = XCBuildConfiguration;
			buildSettings = {
				ASSETCATALOG_COMPILER_APPICON_NAME = AppIcon;
				DEVELOPMENT_TEAM = XE7FLNR7QS;
				INFOPLIST_FILE = Draft11/Info.plist;
				LD_RUNPATH_SEARCH_PATHS = "$(inherited) @executable_path/Frameworks";
				PRODUCT_BUNDLE_IDENTIFIER = "jiahuan-he.Draft11";
				PRODUCT_NAME = "$(TARGET_NAME)";
				SWIFT_VERSION = 3.0;
			};
			name = Release;
		};
/* End XCBuildConfiguration section */

/* Begin XCConfigurationList section */
		3A560B3E1E65341E0021F76D /* Build configuration list for PBXProject "Draft11" */ = {
			isa = XCConfigurationList;
			buildConfigurations = (
				3A560B531E65341E0021F76D /* Debug */,
				3A560B541E65341E0021F76D /* Release */,
			);
			defaultConfigurationIsVisible = 0;
			defaultConfigurationName = Release;
		};
		3A560B551E65341E0021F76D /* Build configuration list for PBXNativeTarget "Draft11" */ = {
			isa = XCConfigurationList;
			buildConfigurations = (
				3A560B561E65341E0021F76D /* Debug */,
				3A560B571E65341E0021F76D /* Release */,
			);
			defaultConfigurationIsVisible = 0;
			defaultConfigurationName = Release;
		};
/* End XCConfigurationList section */
	};
	rootObject = 3A560B3B1E65341E0021F76D /* Project object */;
}
